
Microsoft Visual Studio Solution File, Format Version 12.00
# Visual Studio 14
VisualStudioVersion = 14.0.25420.1
MinimumVisualStudioVersion = 10.0.40219.1
Project("{FAE04EC0-301F-11D3-BF4B-00C04F79EFBC}") = "TierraCreative", "TierraCreative\TierraCreative.csproj", "{643DE126-F983-48B6-BBA9-20A6C9111B2A}"
EndProject
Project("{FAE04EC0-301F-11D3-BF4B-00C04F79EFBC}") = "TierraCreative.Model", "TierraCreative.Model\TierraCreative.Model.csproj", "{8220B46E-EE33-4DCF-8A49-DC2E4F0E4971}"
EndProject
Project("{FAE04EC0-301F-11D3-BF4B-00C04F79EFBC}") = "TierraCreative.FtpPurge", "TierraCreative.FtpPurge\TierraCreative.FtpPurge.csproj", "{102EA5AA-AAD0-4C7F-AD9A-E691B5BD0169}"
EndProject
Global
	GlobalSection(SolutionConfigurationPlatforms) = preSolution
		Debug|Any CPU = Debug|Any CPU
		Release|Any CPU = Release|Any CPU
	EndGlobalSection
	GlobalSection(ProjectConfigurationPlatforms) = postSolution
		{643DE126-F983-48B6-BBA9-20A6C9111B2A}.Debug|Any CPU.ActiveCfg = Debug|Any CPU
		{643DE126-F983-48B6-BBA9-20A6C9111B2A}.Debug|Any CPU.Build.0 = Debug|Any CPU
		{643DE126-F983-48B6-BBA9-20A6C9111B2A}.Release|Any CPU.ActiveCfg = Release|Any CPU
		{643DE126-F983-48B6-BBA9-20A6C9111B2A}.Release|Any CPU.Build.0 = Release|Any CPU
		{8220B46E-EE33-4DCF-8A49-DC2E4F0E4971}.Debug|Any CPU.ActiveCfg = Debug|Any CPU
		{8220B46E-EE33-4DCF-8A49-DC2E4F0E4971}.Debug|Any CPU.Build.0 = Debug|Any CPU
		{8220B46E-EE33-4DCF-8A49-DC2E4F0E4971}.Release|Any CPU.ActiveCfg = Release|Any CPU
		{8220B46E-EE33-4DCF-8A49-DC2E4F0E4971}.Release|Any CPU.Build.0 = Release|Any CPU
		{102EA5AA-AAD0-4C7F-AD9A-E691B5BD0169}.Debug|Any CPU.ActiveCfg = Debug|Any CPU
		{102EA5AA-AAD0-4C7F-AD9A-E691B5BD0169}.Debug|Any CPU.Build.0 = Debug|Any CPU
		{102EA5AA-AAD0-4C7F-AD9A-E691B5BD0169}.Release|Any CPU.ActiveCfg = Release|Any CPU
		{102EA5AA-AAD0-4C7F-AD9A-E691B5BD0169}.Release|Any CPU.Build.0 = Release|Any CPU
	EndGlobalSection
	GlobalSection(SolutionProperties) = preSolution
		HideSolutionNode = FALSE
	EndGlobalSection
EndGlobal
